
Microsoft Visual Studio Solution File, Format Version 12.00
# Visual Studio Version 16
VisualStudioVersion = 16.0.30309.148
MinimumVisualStudioVersion = 10.0.40219.1
Project("{FAE04EC0-301F-11D3-BF4B-00C04F79EFBC}") = "WPFtutorial", "WPFtutorial.csproj", "{F8AFAD1A-D80C-4CC0-A8AB-67C47E377DD7}"
EndProject
Global
	GlobalSection(SolutionConfigurationPlatforms) = preSolution
		Debug|Any CPU = Debug|Any CPU
		Release|Any CPU = Release|Any CPU
	EndGlobalSection
	GlobalSection(ProjectConfigurationPlatforms) = postSolution
		{F8AFAD1A-D80C-4CC0-A8AB-67C47E377DD7}.Debug|Any CPU.ActiveCfg = Debug|Any CPU
		{F8AFAD1A-D80C-4CC0-A8AB-67C47E377DD7}.Debug|Any CPU.Build.0 = Debug|Any CPU
		{F8AFAD1A-D80C-4CC0-A8AB-67C47E377DD7}.Release|Any CPU.ActiveCfg = Release|Any CPU
		{F8AFAD1A-D80C-4CC0-A8AB-67C47E377DD7}.Release|Any CPU.Build.0 = Release|Any CPU
	EndGlobalSection
	GlobalSection(SolutionProperties) = preSolution
		HideSolutionNode = FALSE
	EndGlobalSection
	GlobalSection(ExtensibilityGlobals) = postSolution
		SolutionGuid = {FC413CE9-180E-4F70-8F35-0377F669AE34}
	EndGlobalSection
EndGlobal
